
Microsoft Visual Studio Solution File, Format Version 12.00
# Visual Studio Version 16
VisualStudioVersion = 16.0.30011.22
MinimumVisualStudioVersion = 10.0.40219.1
Project("{FAE04EC0-301F-11D3-BF4B-00C04F79EFBC}") = "SubstringSearch", "BruteForce\SubstringSearch.csproj", "{D57CCD90-58F5-42AB-BD36-9D5724C5C482}"
EndProject
Project("{9A19103F-16F7-4668-BE54-9A1E7A4F7556}") = "Substring Search tests", "Substring Search tests\Substring Search tests.csproj", "{7C9DB826-5569-4A87-9B8E-C4A8B9D01403}"
EndProject
Project("{FAE04EC0-301F-11D3-BF4B-00C04F79EFBC}") = "TimeTests", "TimeTests\TimeTests.csproj", "{30F4957D-9BBB-4E02-9AA6-9B089ECD0B43}"
EndProject
Global
	GlobalSection(SolutionConfigurationPlatforms) = preSolution
		Debug|Any CPU = Debug|Any CPU
		Release|Any CPU = Release|Any CPU
	EndGlobalSection
	GlobalSection(ProjectConfigurationPlatforms) = postSolution
		{D57CCD90-58F5-42AB-BD36-9D5724C5C482}.Debug|Any CPU.ActiveCfg = Debug|Any CPU
		{D57CCD90-58F5-42AB-BD36-9D5724C5C482}.Debug|Any CPU.Build.0 = Debug|Any CPU
		{D57CCD90-58F5-42AB-BD36-9D5724C5C482}.Release|Any CPU.ActiveCfg = Release|Any CPU
		{D57CCD90-58F5-42AB-BD36-9D5724C5C482}.Release|Any CPU.Build.0 = Release|Any CPU
		{7C9DB826-5569-4A87-9B8E-C4A8B9D01403}.Debug|Any CPU.ActiveCfg = Debug|Any CPU
		{7C9DB826-5569-4A87-9B8E-C4A8B9D01403}.Debug|Any CPU.Build.0 = Debug|Any CPU
		{7C9DB826-5569-4A87-9B8E-C4A8B9D01403}.Release|Any CPU.ActiveCfg = Release|Any CPU
		{7C9DB826-5569-4A87-9B8E-C4A8B9D01403}.Release|Any CPU.Build.0 = Release|Any CPU
		{30F4957D-9BBB-4E02-9AA6-9B089ECD0B43}.Debug|Any CPU.ActiveCfg = Debug|Any CPU
		{30F4957D-9BBB-4E02-9AA6-9B089ECD0B43}.Debug|Any CPU.Build.0 = Debug|Any CPU
		{30F4957D-9BBB-4E02-9AA6-9B089ECD0B43}.Release|Any CPU.ActiveCfg = Release|Any CPU
		{30F4957D-9BBB-4E02-9AA6-9B089ECD0B43}.Release|Any CPU.Build.0 = Release|Any CPU
	EndGlobalSection
	GlobalSection(SolutionProperties) = preSolution
		HideSolutionNode = FALSE
	EndGlobalSection
	GlobalSection(ExtensibilityGlobals) = postSolution
		SolutionGuid = {90ABB6EA-94D8-4415-AE12-5B97A3304DB9}
	EndGlobalSection
EndGlobal
